<Solution>
  <Project Path="../LlmApi/LlmApi.csproj" Id="0a7a0cd9-8dc2-4d62-8f78-279e2ebe1392" />
  <Project Path="../LocalAiWorker/LocalAiWorker.csproj" Id="8b3f4d2b-1e5a-4a01-8014-fa277226b389" />
  <Project Path="../LocalLlmClient/LocalLlmClient.csproj" />
  <Project Path="../RabbitMqService/RabbitMqService.csproj" Id="20244b1c-beab-4160-87a3-976b1364b000" />
  <Project Path="../TelegramClient/TelegramClient.csproj" />
  <Project Path="TelegramWorker.csproj" />
</Solution>
